
Microsoft Visual Studio Solution File, Format Version 12.00
# Visual Studio Version 16
VisualStudioVersion = 16.0.28803.202
MinimumVisualStudioVersion = 10.0.40219.1
Project("{8BC9CEB8-8B4A-11D0-8D11-00A0C91BC942}") = "7HWork.4", "7HWork.4.vcxproj", "{F038C1E0-05FB-470E-BC9D-58FA5BB25B77}"
EndProject
Global
	GlobalSection(SolutionConfigurationPlatforms) = preSolution
		Debug|x64 = Debug|x64
		Debug|x86 = Debug|x86
		Release|x64 = Release|x64
		Release|x86 = Release|x86
	EndGlobalSection
	GlobalSection(ProjectConfigurationPlatforms) = postSolution
		{F038C1E0-05FB-470E-BC9D-58FA5BB25B77}.Debug|x64.ActiveCfg = Debug|x64
		{F038C1E0-05FB-470E-BC9D-58FA5BB25B77}.Debug|x64.Build.0 = Debug|x64
		{F038C1E0-05FB-470E-BC9D-58FA5BB25B77}.Debug|x86.ActiveCfg = Debug|Win32
		{F038C1E0-05FB-470E-BC9D-58FA5BB25B77}.Debug|x86.Build.0 = Debug|Win32
		{F038C1E0-05FB-470E-BC9D-58FA5BB25B77}.Release|x64.ActiveCfg = Release|x64
		{F038C1E0-05FB-470E-BC9D-58FA5BB25B77}.Release|x64.Build.0 = Release|x64
		{F038C1E0-05FB-470E-BC9D-58FA5BB25B77}.Release|x86.ActiveCfg = Release|Win32
		{F038C1E0-05FB-470E-BC9D-58FA5BB25B77}.Release|x86.Build.0 = Release|Win32
	EndGlobalSection
	GlobalSection(SolutionProperties) = preSolution
		HideSolutionNode = FALSE
	EndGlobalSection
	GlobalSection(ExtensibilityGlobals) = postSolution
		SolutionGuid = {0DF1D4AE-94EA-4507-8C6C-1342183C3234}
	EndGlobalSection
EndGlobal
