
Microsoft Visual Studio Solution File, Format Version 12.00
# Visual Studio Version 16
VisualStudioVersion = 16.0.28803.202
MinimumVisualStudioVersion = 10.0.40219.1
Project("{8BC9CEB8-8B4A-11D0-8D11-00A0C91BC942}") = "5-6-7-8 nedel", "5-6-7-8 nedel.vcxproj", "{8AE87089-CFBB-4DAD-BA9B-A45C40216277}"
EndProject
Global
	GlobalSection(SolutionConfigurationPlatforms) = preSolution
		Debug|x64 = Debug|x64
		Debug|x86 = Debug|x86
		Release|x64 = Release|x64
		Release|x86 = Release|x86
	EndGlobalSection
	GlobalSection(ProjectConfigurationPlatforms) = postSolution
		{8AE87089-CFBB-4DAD-BA9B-A45C40216277}.Debug|x64.ActiveCfg = Debug|x64
		{8AE87089-CFBB-4DAD-BA9B-A45C40216277}.Debug|x64.Build.0 = Debug|x64
		{8AE87089-CFBB-4DAD-BA9B-A45C40216277}.Debug|x86.ActiveCfg = Debug|Win32
		{8AE87089-CFBB-4DAD-BA9B-A45C40216277}.Debug|x86.Build.0 = Debug|Win32
		{8AE87089-CFBB-4DAD-BA9B-A45C40216277}.Release|x64.ActiveCfg = Release|x64
		{8AE87089-CFBB-4DAD-BA9B-A45C40216277}.Release|x64.Build.0 = Release|x64
		{8AE87089-CFBB-4DAD-BA9B-A45C40216277}.Release|x86.ActiveCfg = Release|Win32
		{8AE87089-CFBB-4DAD-BA9B-A45C40216277}.Release|x86.Build.0 = Release|Win32
	EndGlobalSection
	GlobalSection(SolutionProperties) = preSolution
		HideSolutionNode = FALSE
	EndGlobalSection
	GlobalSection(ExtensibilityGlobals) = postSolution
		SolutionGuid = {EDBEDA98-94C5-4EB9-B51B-6F6DA69AC46A}
	EndGlobalSection
EndGlobal
