
Microsoft Visual Studio Solution File, Format Version 12.00
# Visual Studio Version 16
VisualStudioVersion = 16.0.28803.202
MinimumVisualStudioVersion = 10.0.40219.1
Project("{8BC9CEB8-8B4A-11D0-8D11-00A0C91BC942}") = "6HWork struct.2", "6HWork struct.2.vcxproj", "{341058AA-D2DF-4B3E-B8E4-D1A8C64C04E8}"
EndProject
Global
	GlobalSection(SolutionConfigurationPlatforms) = preSolution
		Debug|x64 = Debug|x64
		Debug|x86 = Debug|x86
		Release|x64 = Release|x64
		Release|x86 = Release|x86
	EndGlobalSection
	GlobalSection(ProjectConfigurationPlatforms) = postSolution
		{341058AA-D2DF-4B3E-B8E4-D1A8C64C04E8}.Debug|x64.ActiveCfg = Debug|x64
		{341058AA-D2DF-4B3E-B8E4-D1A8C64C04E8}.Debug|x64.Build.0 = Debug|x64
		{341058AA-D2DF-4B3E-B8E4-D1A8C64C04E8}.Debug|x86.ActiveCfg = Debug|Win32
		{341058AA-D2DF-4B3E-B8E4-D1A8C64C04E8}.Debug|x86.Build.0 = Debug|Win32
		{341058AA-D2DF-4B3E-B8E4-D1A8C64C04E8}.Release|x64.ActiveCfg = Release|x64
		{341058AA-D2DF-4B3E-B8E4-D1A8C64C04E8}.Release|x64.Build.0 = Release|x64
		{341058AA-D2DF-4B3E-B8E4-D1A8C64C04E8}.Release|x86.ActiveCfg = Release|Win32
		{341058AA-D2DF-4B3E-B8E4-D1A8C64C04E8}.Release|x86.Build.0 = Release|Win32
	EndGlobalSection
	GlobalSection(SolutionProperties) = preSolution
		HideSolutionNode = FALSE
	EndGlobalSection
	GlobalSection(ExtensibilityGlobals) = postSolution
		SolutionGuid = {5888BD9C-EB6E-4630-86ED-AF97AC0FD49C}
	EndGlobalSection
EndGlobal
