
Microsoft Visual Studio Solution File, Format Version 12.00
# Visual Studio Version 16
VisualStudioVersion = 16.0.28803.202
MinimumVisualStudioVersion = 10.0.40219.1
Project("{8BC9CEB8-8B4A-11D0-8D11-00A0C91BC942}") = "7HWork.6", "7HWork.6.vcxproj", "{AC87C6E8-BBA3-43F4-95C4-5E1E7951A40C}"
EndProject
Global
	GlobalSection(SolutionConfigurationPlatforms) = preSolution
		Debug|x64 = Debug|x64
		Debug|x86 = Debug|x86
		Release|x64 = Release|x64
		Release|x86 = Release|x86
	EndGlobalSection
	GlobalSection(ProjectConfigurationPlatforms) = postSolution
		{AC87C6E8-BBA3-43F4-95C4-5E1E7951A40C}.Debug|x64.ActiveCfg = Debug|x64
		{AC87C6E8-BBA3-43F4-95C4-5E1E7951A40C}.Debug|x64.Build.0 = Debug|x64
		{AC87C6E8-BBA3-43F4-95C4-5E1E7951A40C}.Debug|x86.ActiveCfg = Debug|Win32
		{AC87C6E8-BBA3-43F4-95C4-5E1E7951A40C}.Debug|x86.Build.0 = Debug|Win32
		{AC87C6E8-BBA3-43F4-95C4-5E1E7951A40C}.Release|x64.ActiveCfg = Release|x64
		{AC87C6E8-BBA3-43F4-95C4-5E1E7951A40C}.Release|x64.Build.0 = Release|x64
		{AC87C6E8-BBA3-43F4-95C4-5E1E7951A40C}.Release|x86.ActiveCfg = Release|Win32
		{AC87C6E8-BBA3-43F4-95C4-5E1E7951A40C}.Release|x86.Build.0 = Release|Win32
	EndGlobalSection
	GlobalSection(SolutionProperties) = preSolution
		HideSolutionNode = FALSE
	EndGlobalSection
	GlobalSection(ExtensibilityGlobals) = postSolution
		SolutionGuid = {ABCCCCAF-E6C7-452A-8BA8-61BB8F10D769}
	EndGlobalSection
EndGlobal
