
Microsoft Visual Studio Solution File, Format Version 12.00
# Visual Studio Version 16
VisualStudioVersion = 16.0.28803.202
MinimumVisualStudioVersion = 10.0.40219.1
Project("{8BC9CEB8-8B4A-11D0-8D11-00A0C91BC942}") = "3i4nedel", "3i4nedel.vcxproj", "{C736256C-B11A-4E63-BF4D-9604A724C9EB}"
EndProject
Global
	GlobalSection(SolutionConfigurationPlatforms) = preSolution
		Debug|x64 = Debug|x64
		Debug|x86 = Debug|x86
		Release|x64 = Release|x64
		Release|x86 = Release|x86
	EndGlobalSection
	GlobalSection(ProjectConfigurationPlatforms) = postSolution
		{C736256C-B11A-4E63-BF4D-9604A724C9EB}.Debug|x64.ActiveCfg = Debug|x64
		{C736256C-B11A-4E63-BF4D-9604A724C9EB}.Debug|x64.Build.0 = Debug|x64
		{C736256C-B11A-4E63-BF4D-9604A724C9EB}.Debug|x86.ActiveCfg = Debug|Win32
		{C736256C-B11A-4E63-BF4D-9604A724C9EB}.Debug|x86.Build.0 = Debug|Win32
		{C736256C-B11A-4E63-BF4D-9604A724C9EB}.Release|x64.ActiveCfg = Release|x64
		{C736256C-B11A-4E63-BF4D-9604A724C9EB}.Release|x64.Build.0 = Release|x64
		{C736256C-B11A-4E63-BF4D-9604A724C9EB}.Release|x86.ActiveCfg = Release|Win32
		{C736256C-B11A-4E63-BF4D-9604A724C9EB}.Release|x86.Build.0 = Release|Win32
	EndGlobalSection
	GlobalSection(SolutionProperties) = preSolution
		HideSolutionNode = FALSE
	EndGlobalSection
	GlobalSection(ExtensibilityGlobals) = postSolution
		SolutionGuid = {9B887A09-3EC8-41A0-8DD9-A7A4DDE22E59}
	EndGlobalSection
EndGlobal
